
Microsoft Visual Studio Solution File, Format Version 12.00
# Visual Studio 15
VisualStudioVersion = 15.0.26430.13
MinimumVisualStudioVersion = 10.0.40219.1
Project("{FAE04EC0-301F-11D3-BF4B-00C04F79EFBC}") = "OrpalPhotoPort.Domain", "OrpalPhotoPort.Domain\OrpalPhotoPort.Domain.csproj", "{D4CB9E3B-3DEA-4EDD-9138-C801FD8F4B72}"
EndProject
Project("{FAE04EC0-301F-11D3-BF4B-00C04F79EFBC}") = "OrpalPhotoPort.DAL", "..\OrpalPhotoPort.DAL\OrpalPhotoPort.DAL.csproj", "{428CC758-ED02-40E2-B4CE-8A9C71A42AEB}"
EndProject
Project("{FAE04EC0-301F-11D3-BF4B-00C04F79EFBC}") = "OrpalPhotoPort.Services", "..\OrpalPhotoPort.Services\OrpalPhotoPort.Services.csproj", "{4AC24988-B535-4CEB-8FD7-8641A637A770}"
EndProject
Project("{FAE04EC0-301F-11D3-BF4B-00C04F79EFBC}") = "OrpalPhotoPortWcfHosting", "..\OrpalPhotoPortWcfHosting\OrpalPhotoPortWcfHosting.csproj", "{31511F99-5914-45D2-8371-901CC1809A18}"
EndProject
Global
	GlobalSection(SolutionConfigurationPlatforms) = preSolution
		Debug|Any CPU = Debug|Any CPU
		Release|Any CPU = Release|Any CPU
	EndGlobalSection
	GlobalSection(ProjectConfigurationPlatforms) = postSolution
		{D4CB9E3B-3DEA-4EDD-9138-C801FD8F4B72}.Debug|Any CPU.ActiveCfg = Debug|Any CPU
		{D4CB9E3B-3DEA-4EDD-9138-C801FD8F4B72}.Debug|Any CPU.Build.0 = Debug|Any CPU
		{D4CB9E3B-3DEA-4EDD-9138-C801FD8F4B72}.Release|Any CPU.ActiveCfg = Release|Any CPU
		{D4CB9E3B-3DEA-4EDD-9138-C801FD8F4B72}.Release|Any CPU.Build.0 = Release|Any CPU
		{428CC758-ED02-40E2-B4CE-8A9C71A42AEB}.Debug|Any CPU.ActiveCfg = Debug|Any CPU
		{428CC758-ED02-40E2-B4CE-8A9C71A42AEB}.Debug|Any CPU.Build.0 = Debug|Any CPU
		{428CC758-ED02-40E2-B4CE-8A9C71A42AEB}.Release|Any CPU.ActiveCfg = Release|Any CPU
		{428CC758-ED02-40E2-B4CE-8A9C71A42AEB}.Release|Any CPU.Build.0 = Release|Any CPU
		{4AC24988-B535-4CEB-8FD7-8641A637A770}.Debug|Any CPU.ActiveCfg = Debug|Any CPU
		{4AC24988-B535-4CEB-8FD7-8641A637A770}.Debug|Any CPU.Build.0 = Debug|Any CPU
		{4AC24988-B535-4CEB-8FD7-8641A637A770}.Release|Any CPU.ActiveCfg = Release|Any CPU
		{4AC24988-B535-4CEB-8FD7-8641A637A770}.Release|Any CPU.Build.0 = Release|Any CPU
		{31511F99-5914-45D2-8371-901CC1809A18}.Debug|Any CPU.ActiveCfg = Debug|Any CPU
		{31511F99-5914-45D2-8371-901CC1809A18}.Debug|Any CPU.Build.0 = Debug|Any CPU
		{31511F99-5914-45D2-8371-901CC1809A18}.Release|Any CPU.ActiveCfg = Release|Any CPU
		{31511F99-5914-45D2-8371-901CC1809A18}.Release|Any CPU.Build.0 = Release|Any CPU
	EndGlobalSection
	GlobalSection(SolutionProperties) = preSolution
		HideSolutionNode = FALSE
	EndGlobalSection
EndGlobal
